
Microsoft Visual Studio Solution File, Format Version 12.00
# Visual Studio Version 17
VisualStudioVersion = 17.3.32929.385
MinimumVisualStudioVersion = 10.0.40219.1
Project("{FAE04EC0-301F-11D3-BF4B-00C04F79EFBC}") = "MessageSender", "MessageSender\MessageSender.csproj", "{0DEE0DAA-C9A0-48C5-A69D-0666991B4BD9}"
EndProject
Global
	GlobalSection(SolutionConfigurationPlatforms) = preSolution
		Debug|Any CPU = Debug|Any CPU
		Release|Any CPU = Release|Any CPU
	EndGlobalSection
	GlobalSection(ProjectConfigurationPlatforms) = postSolution
		{0DEE0DAA-C9A0-48C5-A69D-0666991B4BD9}.Debug|Any CPU.ActiveCfg = Debug|Any CPU
		{0DEE0DAA-C9A0-48C5-A69D-0666991B4BD9}.Debug|Any CPU.Build.0 = Debug|Any CPU
		{0DEE0DAA-C9A0-48C5-A69D-0666991B4BD9}.Release|Any CPU.ActiveCfg = Release|Any CPU
		{0DEE0DAA-C9A0-48C5-A69D-0666991B4BD9}.Release|Any CPU.Build.0 = Release|Any CPU
	EndGlobalSection
	GlobalSection(SolutionProperties) = preSolution
		HideSolutionNode = FALSE
	EndGlobalSection
	GlobalSection(ExtensibilityGlobals) = postSolution
		SolutionGuid = {CD03ABE1-564C-4DA5-9AF5-2A0E54D7F6EA}
	EndGlobalSection
EndGlobal
